
Microsoft Visual Studio Solution File, Format Version 12.00
# Visual Studio Version 16
VisualStudioVersion = 16.0.30320.27
MinimumVisualStudioVersion = 10.0.40219.1
Project("{9A19103F-16F7-4668-BE54-9A1E7A4F7556}") = "Core", "src\Core\Core.csproj", "{DE6596DD-B690-464C-B406-69B12AF4A14C}"
EndProject
Project("{FAE04EC0-301F-11D3-BF4B-00C04F79EFBC}") = "CatalogManager", "CatalogManager\CatalogManager.csproj", "{929707CF-6B59-404C-A9BC-260B1F161A28}"
EndProject
Global
	GlobalSection(SolutionConfigurationPlatforms) = preSolution
		Debug|Any CPU = Debug|Any CPU
		Release|Any CPU = Release|Any CPU
	EndGlobalSection
	GlobalSection(ProjectConfigurationPlatforms) = postSolution
		{DE6596DD-B690-464C-B406-69B12AF4A14C}.Debug|Any CPU.ActiveCfg = Debug|Any CPU
		{DE6596DD-B690-464C-B406-69B12AF4A14C}.Debug|Any CPU.Build.0 = Debug|Any CPU
		{DE6596DD-B690-464C-B406-69B12AF4A14C}.Release|Any CPU.ActiveCfg = Release|Any CPU
		{DE6596DD-B690-464C-B406-69B12AF4A14C}.Release|Any CPU.Build.0 = Release|Any CPU
		{929707CF-6B59-404C-A9BC-260B1F161A28}.Debug|Any CPU.ActiveCfg = Debug|Any CPU
		{929707CF-6B59-404C-A9BC-260B1F161A28}.Debug|Any CPU.Build.0 = Debug|Any CPU
		{929707CF-6B59-404C-A9BC-260B1F161A28}.Release|Any CPU.ActiveCfg = Release|Any CPU
		{929707CF-6B59-404C-A9BC-260B1F161A28}.Release|Any CPU.Build.0 = Release|Any CPU
	EndGlobalSection
	GlobalSection(SolutionProperties) = preSolution
		HideSolutionNode = FALSE
	EndGlobalSection
	GlobalSection(ExtensibilityGlobals) = postSolution
		SolutionGuid = {8B4430F9-DD2C-4A41-852A-A0BF3A113F1B}
	EndGlobalSection
EndGlobal
